
Microsoft Visual Studio Solution File, Format Version 11.00
# Visual Studio 2010
Project("{FAE04EC0-301F-11D3-BF4B-00C04F79EFBC}") = "BasicQuiz(v4)", "BasicQuiz(v4)\BasicQuiz(v4).csproj", "{37C69652-23B1-4E2F-B89B-C85E3408889E}"
EndProject
Global
	GlobalSection(SolutionConfigurationPlatforms) = preSolution
		Debug|x86 = Debug|x86
		Release|x86 = Release|x86
	EndGlobalSection
	GlobalSection(ProjectConfigurationPlatforms) = postSolution
		{37C69652-23B1-4E2F-B89B-C85E3408889E}.Debug|x86.ActiveCfg = Debug|x86
		{37C69652-23B1-4E2F-B89B-C85E3408889E}.Debug|x86.Build.0 = Debug|x86
		{37C69652-23B1-4E2F-B89B-C85E3408889E}.Release|x86.ActiveCfg = Release|x86
		{37C69652-23B1-4E2F-B89B-C85E3408889E}.Release|x86.Build.0 = Release|x86
	EndGlobalSection
	GlobalSection(SolutionProperties) = preSolution
		HideSolutionNode = FALSE
	EndGlobalSection
EndGlobal
